
Microsoft Visual Studio Solution File, Format Version 12.00
# Visual Studio Version 17
VisualStudioVersion = 17.2.32630.192
MinimumVisualStudioVersion = 10.0.40219.1
Project("{9A19103F-16F7-4668-BE54-9A1E7A4F7556}") = "R5T.Z0053.Construction", "R5T.Z0053.Construction\R5T.Z0053.Construction.csproj", "{0D9A2877-400F-4BF2-B4BB-AE1F2573D656}"
EndProject
Project("{9A19103F-16F7-4668-BE54-9A1E7A4F7556}") = "R5T.Z0053", "R5T.Z0053\R5T.Z0053.csproj", "{962821FD-0622-4453-8264-CB5813F30412}"
EndProject
Project("{2150E333-8FDC-42A3-9474-1A3956D46DE8}") = "_Dependencies", "_Dependencies", "{B40FB530-7552-43E6-B78B-F8FB4CFEF225}"
EndProject
Project("{9A19103F-16F7-4668-BE54-9A1E7A4F7556}") = "R5T.F0000", "..\..\R5T.F0000\source\R5T.F0000\R5T.F0000.csproj", "{47D9B2D0-DFD4-482A-816F-1DD4ECBD3992}"
EndProject
Project("{9A19103F-16F7-4668-BE54-9A1E7A4F7556}") = "R5T.F0002", "..\..\R5T.F0002\source\R5T.F0002\R5T.F0002.csproj", "{6703A918-1577-4319-88F6-46B476C0A495}"
EndProject
Project("{9A19103F-16F7-4668-BE54-9A1E7A4F7556}") = "R5T.F0120", "..\..\R5T.F0120\source\R5T.F0120\R5T.F0120.csproj", "{A27078D3-B104-4454-969B-28D3CBDAA6A7}"
EndProject
Project("{9A19103F-16F7-4668-BE54-9A1E7A4F7556}") = "R5T.F0124", "..\..\R5T.F0124\source\R5T.F0124\R5T.F0124.csproj", "{FFFCB776-E172-4AAE-ABB8-FBAAF6A20B4D}"
EndProject
Project("{9A19103F-16F7-4668-BE54-9A1E7A4F7556}") = "R5T.F0125", "..\..\R5T.F0125\source\R5T.F0125\R5T.F0125.csproj", "{CD9814F4-2710-4D91-8963-10B45477117B}"
EndProject
Project("{9A19103F-16F7-4668-BE54-9A1E7A4F7556}") = "R5T.L0030.T000", "..\..\R5T.L0030\source\R5T.L0030.T000\R5T.L0030.T000.csproj", "{BEEF653E-F1F6-4096-9183-3D7EA37EA73E}"
EndProject
Project("{9A19103F-16F7-4668-BE54-9A1E7A4F7556}") = "R5T.L0030", "..\..\R5T.L0030\source\R5T.L0030\R5T.L0030.csproj", "{F184B971-E7A7-40B4-B68C-B4D10953D00A}"
EndProject
Project("{9A19103F-16F7-4668-BE54-9A1E7A4F7556}") = "R5T.L0032.F000", "..\..\R5T.L0032\source\R5T.L0032.F000\R5T.L0032.F000.csproj", "{B160FE39-80C4-434A-96A0-034F24868EEC}"
EndProject
Project("{9A19103F-16F7-4668-BE54-9A1E7A4F7556}") = "R5T.L0032.T000", "..\..\R5T.L0032\source\R5T.L0032.T000\R5T.L0032.T000.csproj", "{DF1CB8B4-D001-4680-85D2-FAF2FC7D4287}"
EndProject
Project("{9A19103F-16F7-4668-BE54-9A1E7A4F7556}") = "R5T.L0032.Z000", "..\..\R5T.L0032\source\R5T.L0032.Z000\R5T.L0032.Z000.csproj", "{A6E9D750-0070-4CFF-8977-5849C8B11D71}"
EndProject
Project("{9A19103F-16F7-4668-BE54-9A1E7A4F7556}") = "R5T.L0034", "..\..\R5T.L0034\source\R5T.L0034\R5T.L0034.csproj", "{4ECA2CAD-9CBE-49E7-811A-D080E24AA2DE}"
EndProject
Project("{9A19103F-16F7-4668-BE54-9A1E7A4F7556}") = "R5T.L0035", "..\..\R5T.L0035\source\R5T.L0035\R5T.L0035.csproj", "{444992BB-2E66-4CC3-B08C-F90D9E43CED0}"
EndProject
Project("{9A19103F-16F7-4668-BE54-9A1E7A4F7556}") = "R5T.NG0022", "..\..\R5T.NG0022\source\R5T.NG0022\R5T.NG0022.csproj", "{17C99820-B83D-4E54-9B2E-A6531EAE02FC}"
EndProject
Project("{9A19103F-16F7-4668-BE54-9A1E7A4F7556}") = "R5T.O0025.O000", "..\..\R5T.O0025\source\R5T.O0025.O000\R5T.O0025.O000.csproj", "{A354E62F-E2B7-47E9-A479-A0599B2B630B}"
EndProject
Project("{9A19103F-16F7-4668-BE54-9A1E7A4F7556}") = "R5T.T0131", "..\..\R5T.T0131\source\R5T.T0131\R5T.T0131.csproj", "{5E02C9E6-F54D-44F6-8D81-19C5D34E0F4E}"
EndProject
Project("{9A19103F-16F7-4668-BE54-9A1E7A4F7556}") = "R5T.T0132", "..\..\R5T.T0132\source\R5T.T0132\R5T.T0132.csproj", "{800DAE56-C74E-4303-A15D-38CD496BE4F2}"
EndProject
Project("{9A19103F-16F7-4668-BE54-9A1E7A4F7556}") = "R5T.T0142", "..\..\R5T.T0142\source\R5T.T0142\R5T.T0142.csproj", "{33EB6979-F537-4A90-AAFD-0017855B6222}"
EndProject
Project("{9A19103F-16F7-4668-BE54-9A1E7A4F7556}") = "R5T.T0143", "..\..\R5T.T0143\source\R5T.T0143\R5T.T0143.csproj", "{1CBC9610-CFC8-4752-A3DF-862E8E58B71C}"
EndProject
Project("{9A19103F-16F7-4668-BE54-9A1E7A4F7556}") = "R5T.T0150", "..\..\R5T.T0150\source\R5T.T0150\R5T.T0150.csproj", "{B6A3E073-5314-4969-861F-549BC6F4A1B5}"
EndProject
Project("{9A19103F-16F7-4668-BE54-9A1E7A4F7556}") = "R5T.T0151", "..\..\R5T.T0151\source\R5T.T0151\R5T.T0151.csproj", "{2757A365-5D71-4ABE-A6A2-714F80E24C68}"
EndProject
Project("{9A19103F-16F7-4668-BE54-9A1E7A4F7556}") = "R5T.T0156", "..\..\R5T.T0156\source\R5T.T0156\R5T.T0156.csproj", "{D31CB6A1-6BD3-47BB-9D93-83BC2DAA1BEB}"
EndProject
Project("{9A19103F-16F7-4668-BE54-9A1E7A4F7556}") = "R5T.T0172", "..\..\R5T.T0172\source\R5T.T0172\R5T.T0172.csproj", "{7BDE23FE-EF5C-498A-9353-0F542DA93072}"
EndProject
Project("{9A19103F-16F7-4668-BE54-9A1E7A4F7556}") = "R5T.T0174", "..\..\R5T.T0174\source\R5T.T0174\R5T.T0174.csproj", "{E3EC1998-98A6-436C-9F69-8ED890231320}"
EndProject
Project("{9A19103F-16F7-4668-BE54-9A1E7A4F7556}") = "R5T.T0176", "..\..\R5T.T0176\source\R5T.T0176\R5T.T0176.csproj", "{343FEF9E-49A6-4FBB-9CA6-2AAEF476E0EC}"
EndProject
Project("{9A19103F-16F7-4668-BE54-9A1E7A4F7556}") = "R5T.T0177", "..\..\R5T.T0177\source\R5T.T0177\R5T.T0177.csproj", "{94FA8172-3C13-49B3-AAAB-C3BE96691824}"
EndProject
Project("{9A19103F-16F7-4668-BE54-9A1E7A4F7556}") = "R5T.T0178", "..\..\R5T.T0178\source\R5T.T0178\R5T.T0178.csproj", "{37D913AA-AC6D-40EF-BE5A-9B234C2E3778}"
EndProject
Project("{9A19103F-16F7-4668-BE54-9A1E7A4F7556}") = "R5T.T0179", "..\..\R5T.T0179\source\R5T.T0179\R5T.T0179.csproj", "{8A2C8AB7-682A-44C0-B26F-0D5DFDDF3E00}"
EndProject
Project("{9A19103F-16F7-4668-BE54-9A1E7A4F7556}") = "R5T.T0180", "..\..\R5T.T0180\source\R5T.T0180\R5T.T0180.csproj", "{71D55939-6037-4A12-A0DD-83BDB5ABD59C}"
EndProject
Project("{9A19103F-16F7-4668-BE54-9A1E7A4F7556}") = "R5T.T0181", "..\..\R5T.T0181\source\R5T.T0181\R5T.T0181.csproj", "{B0D1BBBF-C750-4ED3-B59B-28863F33D74F}"
EndProject
Project("{9A19103F-16F7-4668-BE54-9A1E7A4F7556}") = "R5T.T0185", "..\..\R5T.T0185\source\R5T.T0185\R5T.T0185.csproj", "{F4A4DBF1-5989-46EC-B9FE-6810FE0C5E13}"
EndProject
Project("{9A19103F-16F7-4668-BE54-9A1E7A4F7556}") = "R5T.T0198", "..\..\R5T.T0198\source\R5T.T0198\R5T.T0198.csproj", "{FE69EDBE-6DD2-475D-B344-96A8B2C577BA}"
EndProject
Project("{9A19103F-16F7-4668-BE54-9A1E7A4F7556}") = "R5T.T0203", "..\..\R5T.T0203\source\R5T.T0203\R5T.T0203.csproj", "{AF35162C-DF72-43EB-8C12-52270A3EF082}"
EndProject
Project("{9A19103F-16F7-4668-BE54-9A1E7A4F7556}") = "R5T.T0210", "..\..\R5T.T0210\source\R5T.T0210\R5T.T0210.csproj", "{39E96C45-EEE1-47DD-9DDE-521888A493E0}"
EndProject
Project("{9A19103F-16F7-4668-BE54-9A1E7A4F7556}") = "R5T.Y0000", "..\..\R5T.Y0000\source\R5T.Y0000\R5T.Y0000.csproj", "{E480F21D-0782-4E81-9A89-B721C4CF1B1C}"
EndProject
Project("{9A19103F-16F7-4668-BE54-9A1E7A4F7556}") = "R5T.Z0000", "..\..\R5T.Z0000\source\R5T.Z0000\R5T.Z0000.csproj", "{83233BA6-A095-4A52-906A-72AB0BF44778}"
EndProject
Project("{9A19103F-16F7-4668-BE54-9A1E7A4F7556}") = "R5T.F0091", "..\..\R5T.F0091\source\R5T.F0091\R5T.F0091.csproj", "{303392B5-0472-4E46-99B7-7229B9F8C5F1}"
EndProject
Project("{9A19103F-16F7-4668-BE54-9A1E7A4F7556}") = "R5T.Z0052.Z000", "..\..\R5T.Z0052\source\R5T.Z0052.Z000\R5T.Z0052.Z000.csproj", "{658F7A17-A8D3-48D5-8C85-47E0701222F3}"
EndProject
Project("{9A19103F-16F7-4668-BE54-9A1E7A4F7556}") = "R5T.Z0052.Z001", "..\..\R5T.Z0052\source\R5T.Z0052.Z001\R5T.Z0052.Z001.csproj", "{FAE93EBF-EF79-4543-A56C-380038515570}"
EndProject
Project("{9A19103F-16F7-4668-BE54-9A1E7A4F7556}") = "R5T.Z0052", "..\..\R5T.Z0052\source\R5T.Z0052\R5T.Z0052.csproj", "{8C39AFA4-AF20-4B94-B4A4-E7C0724DF7FD}"
EndProject
Global
	GlobalSection(NestedProjects) = preSolution
		{47D9B2D0-DFD4-482A-816F-1DD4ECBD3992} = {B40FB530-7552-43E6-B78B-F8FB4CFEF225}
		{6703A918-1577-4319-88F6-46B476C0A495} = {B40FB530-7552-43E6-B78B-F8FB4CFEF225}
		{A27078D3-B104-4454-969B-28D3CBDAA6A7} = {B40FB530-7552-43E6-B78B-F8FB4CFEF225}
		{FFFCB776-E172-4AAE-ABB8-FBAAF6A20B4D} = {B40FB530-7552-43E6-B78B-F8FB4CFEF225}
		{CD9814F4-2710-4D91-8963-10B45477117B} = {B40FB530-7552-43E6-B78B-F8FB4CFEF225}
		{BEEF653E-F1F6-4096-9183-3D7EA37EA73E} = {B40FB530-7552-43E6-B78B-F8FB4CFEF225}
		{F184B971-E7A7-40B4-B68C-B4D10953D00A} = {B40FB530-7552-43E6-B78B-F8FB4CFEF225}
		{B160FE39-80C4-434A-96A0-034F24868EEC} = {B40FB530-7552-43E6-B78B-F8FB4CFEF225}
		{DF1CB8B4-D001-4680-85D2-FAF2FC7D4287} = {B40FB530-7552-43E6-B78B-F8FB4CFEF225}
		{A6E9D750-0070-4CFF-8977-5849C8B11D71} = {B40FB530-7552-43E6-B78B-F8FB4CFEF225}
		{4ECA2CAD-9CBE-49E7-811A-D080E24AA2DE} = {B40FB530-7552-43E6-B78B-F8FB4CFEF225}
		{444992BB-2E66-4CC3-B08C-F90D9E43CED0} = {B40FB530-7552-43E6-B78B-F8FB4CFEF225}
		{17C99820-B83D-4E54-9B2E-A6531EAE02FC} = {B40FB530-7552-43E6-B78B-F8FB4CFEF225}
		{A354E62F-E2B7-47E9-A479-A0599B2B630B} = {B40FB530-7552-43E6-B78B-F8FB4CFEF225}
		{5E02C9E6-F54D-44F6-8D81-19C5D34E0F4E} = {B40FB530-7552-43E6-B78B-F8FB4CFEF225}
		{800DAE56-C74E-4303-A15D-38CD496BE4F2} = {B40FB530-7552-43E6-B78B-F8FB4CFEF225}
		{33EB6979-F537-4A90-AAFD-0017855B6222} = {B40FB530-7552-43E6-B78B-F8FB4CFEF225}
		{1CBC9610-CFC8-4752-A3DF-862E8E58B71C} = {B40FB530-7552-43E6-B78B-F8FB4CFEF225}
		{B6A3E073-5314-4969-861F-549BC6F4A1B5} = {B40FB530-7552-43E6-B78B-F8FB4CFEF225}
		{2757A365-5D71-4ABE-A6A2-714F80E24C68} = {B40FB530-7552-43E6-B78B-F8FB4CFEF225}
		{D31CB6A1-6BD3-47BB-9D93-83BC2DAA1BEB} = {B40FB530-7552-43E6-B78B-F8FB4CFEF225}
		{7BDE23FE-EF5C-498A-9353-0F542DA93072} = {B40FB530-7552-43E6-B78B-F8FB4CFEF225}
		{E3EC1998-98A6-436C-9F69-8ED890231320} = {B40FB530-7552-43E6-B78B-F8FB4CFEF225}
		{343FEF9E-49A6-4FBB-9CA6-2AAEF476E0EC} = {B40FB530-7552-43E6-B78B-F8FB4CFEF225}
		{94FA8172-3C13-49B3-AAAB-C3BE96691824} = {B40FB530-7552-43E6-B78B-F8FB4CFEF225}
		{37D913AA-AC6D-40EF-BE5A-9B234C2E3778} = {B40FB530-7552-43E6-B78B-F8FB4CFEF225}
		{8A2C8AB7-682A-44C0-B26F-0D5DFDDF3E00} = {B40FB530-7552-43E6-B78B-F8FB4CFEF225}
		{71D55939-6037-4A12-A0DD-83BDB5ABD59C} = {B40FB530-7552-43E6-B78B-F8FB4CFEF225}
		{B0D1BBBF-C750-4ED3-B59B-28863F33D74F} = {B40FB530-7552-43E6-B78B-F8FB4CFEF225}
		{F4A4DBF1-5989-46EC-B9FE-6810FE0C5E13} = {B40FB530-7552-43E6-B78B-F8FB4CFEF225}
		{FE69EDBE-6DD2-475D-B344-96A8B2C577BA} = {B40FB530-7552-43E6-B78B-F8FB4CFEF225}
		{AF35162C-DF72-43EB-8C12-52270A3EF082} = {B40FB530-7552-43E6-B78B-F8FB4CFEF225}
		{39E96C45-EEE1-47DD-9DDE-521888A493E0} = {B40FB530-7552-43E6-B78B-F8FB4CFEF225}
		{E480F21D-0782-4E81-9A89-B721C4CF1B1C} = {B40FB530-7552-43E6-B78B-F8FB4CFEF225}
		{83233BA6-A095-4A52-906A-72AB0BF44778} = {B40FB530-7552-43E6-B78B-F8FB4CFEF225}
		{303392B5-0472-4E46-99B7-7229B9F8C5F1} = {B40FB530-7552-43E6-B78B-F8FB4CFEF225}
		{658F7A17-A8D3-48D5-8C85-47E0701222F3} = {B40FB530-7552-43E6-B78B-F8FB4CFEF225}
		{FAE93EBF-EF79-4543-A56C-380038515570} = {B40FB530-7552-43E6-B78B-F8FB4CFEF225}
		{8C39AFA4-AF20-4B94-B4A4-E7C0724DF7FD} = {B40FB530-7552-43E6-B78B-F8FB4CFEF225}
	EndGlobalSection
	GlobalSection(SolutionConfigurationPlatforms) = preSolution
		Debug|Any CPU = Debug|Any CPU
		Release|Any CPU = Release|Any CPU
	EndGlobalSection
	GlobalSection(ProjectConfigurationPlatforms) = postSolution
		{0D9A2877-400F-4BF2-B4BB-AE1F2573D656}.Debug|Any CPU.ActiveCfg = Debug|Any CPU
		{0D9A2877-400F-4BF2-B4BB-AE1F2573D656}.Debug|Any CPU.Build.0 = Debug|Any CPU
		{0D9A2877-400F-4BF2-B4BB-AE1F2573D656}.Release|Any CPU.ActiveCfg = Release|Any CPU
		{0D9A2877-400F-4BF2-B4BB-AE1F2573D656}.Release|Any CPU.Build.0 = Release|Any CPU
		{962821FD-0622-4453-8264-CB5813F30412}.Debug|Any CPU.ActiveCfg = Debug|Any CPU
		{962821FD-0622-4453-8264-CB5813F30412}.Debug|Any CPU.Build.0 = Debug|Any CPU
		{962821FD-0622-4453-8264-CB5813F30412}.Release|Any CPU.ActiveCfg = Release|Any CPU
		{962821FD-0622-4453-8264-CB5813F30412}.Release|Any CPU.Build.0 = Release|Any CPU
		{47D9B2D0-DFD4-482A-816F-1DD4ECBD3992}.Debug|Any CPU.ActiveCfg = Debug|Any CPU
		{47D9B2D0-DFD4-482A-816F-1DD4ECBD3992}.Debug|Any CPU.Build.0 = Debug|Any CPU
		{47D9B2D0-DFD4-482A-816F-1DD4ECBD3992}.Release|Any CPU.ActiveCfg = Release|Any CPU
		{47D9B2D0-DFD4-482A-816F-1DD4ECBD3992}.Release|Any CPU.Build.0 = Release|Any CPU
		{6703A918-1577-4319-88F6-46B476C0A495}.Debug|Any CPU.ActiveCfg = Debug|Any CPU
		{6703A918-1577-4319-88F6-46B476C0A495}.Debug|Any CPU.Build.0 = Debug|Any CPU
		{6703A918-1577-4319-88F6-46B476C0A495}.Release|Any CPU.ActiveCfg = Release|Any CPU
		{6703A918-1577-4319-88F6-46B476C0A495}.Release|Any CPU.Build.0 = Release|Any CPU
		{A27078D3-B104-4454-969B-28D3CBDAA6A7}.Debug|Any CPU.ActiveCfg = Debug|Any CPU
		{A27078D3-B104-4454-969B-28D3CBDAA6A7}.Debug|Any CPU.Build.0 = Debug|Any CPU
		{A27078D3-B104-4454-969B-28D3CBDAA6A7}.Release|Any CPU.ActiveCfg = Release|Any CPU
		{A27078D3-B104-4454-969B-28D3CBDAA6A7}.Release|Any CPU.Build.0 = Release|Any CPU
		{FFFCB776-E172-4AAE-ABB8-FBAAF6A20B4D}.Debug|Any CPU.ActiveCfg = Debug|Any CPU
		{FFFCB776-E172-4AAE-ABB8-FBAAF6A20B4D}.Debug|Any CPU.Build.0 = Debug|Any CPU
		{FFFCB776-E172-4AAE-ABB8-FBAAF6A20B4D}.Release|Any CPU.ActiveCfg = Release|Any CPU
		{FFFCB776-E172-4AAE-ABB8-FBAAF6A20B4D}.Release|Any CPU.Build.0 = Release|Any CPU
		{CD9814F4-2710-4D91-8963-10B45477117B}.Debug|Any CPU.ActiveCfg = Debug|Any CPU
		{CD9814F4-2710-4D91-8963-10B45477117B}.Debug|Any CPU.Build.0 = Debug|Any CPU
		{CD9814F4-2710-4D91-8963-10B45477117B}.Release|Any CPU.ActiveCfg = Release|Any CPU
		{CD9814F4-2710-4D91-8963-10B45477117B}.Release|Any CPU.Build.0 = Release|Any CPU
		{BEEF653E-F1F6-4096-9183-3D7EA37EA73E}.Debug|Any CPU.ActiveCfg = Debug|Any CPU
		{BEEF653E-F1F6-4096-9183-3D7EA37EA73E}.Debug|Any CPU.Build.0 = Debug|Any CPU
		{BEEF653E-F1F6-4096-9183-3D7EA37EA73E}.Release|Any CPU.ActiveCfg = Release|Any CPU
		{BEEF653E-F1F6-4096-9183-3D7EA37EA73E}.Release|Any CPU.Build.0 = Release|Any CPU
		{F184B971-E7A7-40B4-B68C-B4D10953D00A}.Debug|Any CPU.ActiveCfg = Debug|Any CPU
		{F184B971-E7A7-40B4-B68C-B4D10953D00A}.Debug|Any CPU.Build.0 = Debug|Any CPU
		{F184B971-E7A7-40B4-B68C-B4D10953D00A}.Release|Any CPU.ActiveCfg = Release|Any CPU
		{F184B971-E7A7-40B4-B68C-B4D10953D00A}.Release|Any CPU.Build.0 = Release|Any CPU
		{B160FE39-80C4-434A-96A0-034F24868EEC}.Debug|Any CPU.ActiveCfg = Debug|Any CPU
		{B160FE39-80C4-434A-96A0-034F24868EEC}.Debug|Any CPU.Build.0 = Debug|Any CPU
		{B160FE39-80C4-434A-96A0-034F24868EEC}.Release|Any CPU.ActiveCfg = Release|Any CPU
		{B160FE39-80C4-434A-96A0-034F24868EEC}.Release|Any CPU.Build.0 = Release|Any CPU
		{DF1CB8B4-D001-4680-85D2-FAF2FC7D4287}.Debug|Any CPU.ActiveCfg = Debug|Any CPU
		{DF1CB8B4-D001-4680-85D2-FAF2FC7D4287}.Debug|Any CPU.Build.0 = Debug|Any CPU
		{DF1CB8B4-D001-4680-85D2-FAF2FC7D4287}.Release|Any CPU.ActiveCfg = Release|Any CPU
		{DF1CB8B4-D001-4680-85D2-FAF2FC7D4287}.Release|Any CPU.Build.0 = Release|Any CPU
		{A6E9D750-0070-4CFF-8977-5849C8B11D71}.Debug|Any CPU.ActiveCfg = Debug|Any CPU
		{A6E9D750-0070-4CFF-8977-5849C8B11D71}.Debug|Any CPU.Build.0 = Debug|Any CPU
		{A6E9D750-0070-4CFF-8977-5849C8B11D71}.Release|Any CPU.ActiveCfg = Release|Any CPU
		{A6E9D750-0070-4CFF-8977-5849C8B11D71}.Release|Any CPU.Build.0 = Release|Any CPU
		{4ECA2CAD-9CBE-49E7-811A-D080E24AA2DE}.Debug|Any CPU.ActiveCfg = Debug|Any CPU
		{4ECA2CAD-9CBE-49E7-811A-D080E24AA2DE}.Debug|Any CPU.Build.0 = Debug|Any CPU
		{4ECA2CAD-9CBE-49E7-811A-D080E24AA2DE}.Release|Any CPU.ActiveCfg = Release|Any CPU
		{4ECA2CAD-9CBE-49E7-811A-D080E24AA2DE}.Release|Any CPU.Build.0 = Release|Any CPU
		{444992BB-2E66-4CC3-B08C-F90D9E43CED0}.Debug|Any CPU.ActiveCfg = Debug|Any CPU
		{444992BB-2E66-4CC3-B08C-F90D9E43CED0}.Debug|Any CPU.Build.0 = Debug|Any CPU
		{444992BB-2E66-4CC3-B08C-F90D9E43CED0}.Release|Any CPU.ActiveCfg = Release|Any CPU
		{444992BB-2E66-4CC3-B08C-F90D9E43CED0}.Release|Any CPU.Build.0 = Release|Any CPU
		{17C99820-B83D-4E54-9B2E-A6531EAE02FC}.Debug|Any CPU.ActiveCfg = Debug|Any CPU
		{17C99820-B83D-4E54-9B2E-A6531EAE02FC}.Debug|Any CPU.Build.0 = Debug|Any CPU
		{17C99820-B83D-4E54-9B2E-A6531EAE02FC}.Release|Any CPU.ActiveCfg = Release|Any CPU
		{17C99820-B83D-4E54-9B2E-A6531EAE02FC}.Release|Any CPU.Build.0 = Release|Any CPU
		{A354E62F-E2B7-47E9-A479-A0599B2B630B}.Debug|Any CPU.ActiveCfg = Debug|Any CPU
		{A354E62F-E2B7-47E9-A479-A0599B2B630B}.Debug|Any CPU.Build.0 = Debug|Any CPU
		{A354E62F-E2B7-47E9-A479-A0599B2B630B}.Release|Any CPU.ActiveCfg = Release|Any CPU
		{A354E62F-E2B7-47E9-A479-A0599B2B630B}.Release|Any CPU.Build.0 = Release|Any CPU
		{5E02C9E6-F54D-44F6-8D81-19C5D34E0F4E}.Debug|Any CPU.ActiveCfg = Debug|Any CPU
		{5E02C9E6-F54D-44F6-8D81-19C5D34E0F4E}.Debug|Any CPU.Build.0 = Debug|Any CPU
		{5E02C9E6-F54D-44F6-8D81-19C5D34E0F4E}.Release|Any CPU.ActiveCfg = Release|Any CPU
		{5E02C9E6-F54D-44F6-8D81-19C5D34E0F4E}.Release|Any CPU.Build.0 = Release|Any CPU
		{800DAE56-C74E-4303-A15D-38CD496BE4F2}.Debug|Any CPU.ActiveCfg = Debug|Any CPU
		{800DAE56-C74E-4303-A15D-38CD496BE4F2}.Debug|Any CPU.Build.0 = Debug|Any CPU
		{800DAE56-C74E-4303-A15D-38CD496BE4F2}.Release|Any CPU.ActiveCfg = Release|Any CPU
		{800DAE56-C74E-4303-A15D-38CD496BE4F2}.Release|Any CPU.Build.0 = Release|Any CPU
		{33EB6979-F537-4A90-AAFD-0017855B6222}.Debug|Any CPU.ActiveCfg = Debug|Any CPU
		{33EB6979-F537-4A90-AAFD-0017855B6222}.Debug|Any CPU.Build.0 = Debug|Any CPU
		{33EB6979-F537-4A90-AAFD-0017855B6222}.Release|Any CPU.ActiveCfg = Release|Any CPU
		{33EB6979-F537-4A90-AAFD-0017855B6222}.Release|Any CPU.Build.0 = Release|Any CPU
		{1CBC9610-CFC8-4752-A3DF-862E8E58B71C}.Debug|Any CPU.ActiveCfg = Debug|Any CPU
		{1CBC9610-CFC8-4752-A3DF-862E8E58B71C}.Debug|Any CPU.Build.0 = Debug|Any CPU
		{1CBC9610-CFC8-4752-A3DF-862E8E58B71C}.Release|Any CPU.ActiveCfg = Release|Any CPU
		{1CBC9610-CFC8-4752-A3DF-862E8E58B71C}.Release|Any CPU.Build.0 = Release|Any CPU
		{B6A3E073-5314-4969-861F-549BC6F4A1B5}.Debug|Any CPU.ActiveCfg = Debug|Any CPU
		{B6A3E073-5314-4969-861F-549BC6F4A1B5}.Debug|Any CPU.Build.0 = Debug|Any CPU
		{B6A3E073-5314-4969-861F-549BC6F4A1B5}.Release|Any CPU.ActiveCfg = Release|Any CPU
		{B6A3E073-5314-4969-861F-549BC6F4A1B5}.Release|Any CPU.Build.0 = Release|Any CPU
		{2757A365-5D71-4ABE-A6A2-714F80E24C68}.Debug|Any CPU.ActiveCfg = Debug|Any CPU
		{2757A365-5D71-4ABE-A6A2-714F80E24C68}.Debug|Any CPU.Build.0 = Debug|Any CPU
		{2757A365-5D71-4ABE-A6A2-714F80E24C68}.Release|Any CPU.ActiveCfg = Release|Any CPU
		{2757A365-5D71-4ABE-A6A2-714F80E24C68}.Release|Any CPU.Build.0 = Release|Any CPU
		{D31CB6A1-6BD3-47BB-9D93-83BC2DAA1BEB}.Debug|Any CPU.ActiveCfg = Debug|Any CPU
		{D31CB6A1-6BD3-47BB-9D93-83BC2DAA1BEB}.Debug|Any CPU.Build.0 = Debug|Any CPU
		{D31CB6A1-6BD3-47BB-9D93-83BC2DAA1BEB}.Release|Any CPU.ActiveCfg = Release|Any CPU
		{D31CB6A1-6BD3-47BB-9D93-83BC2DAA1BEB}.Release|Any CPU.Build.0 = Release|Any CPU
		{7BDE23FE-EF5C-498A-9353-0F542DA93072}.Debug|Any CPU.ActiveCfg = Debug|Any CPU
		{7BDE23FE-EF5C-498A-9353-0F542DA93072}.Debug|Any CPU.Build.0 = Debug|Any CPU
		{7BDE23FE-EF5C-498A-9353-0F542DA93072}.Release|Any CPU.ActiveCfg = Release|Any CPU
		{7BDE23FE-EF5C-498A-9353-0F542DA93072}.Release|Any CPU.Build.0 = Release|Any CPU
		{E3EC1998-98A6-436C-9F69-8ED890231320}.Debug|Any CPU.ActiveCfg = Debug|Any CPU
		{E3EC1998-98A6-436C-9F69-8ED890231320}.Debug|Any CPU.Build.0 = Debug|Any CPU
		{E3EC1998-98A6-436C-9F69-8ED890231320}.Release|Any CPU.ActiveCfg = Release|Any CPU
		{E3EC1998-98A6-436C-9F69-8ED890231320}.Release|Any CPU.Build.0 = Release|Any CPU
		{343FEF9E-49A6-4FBB-9CA6-2AAEF476E0EC}.Debug|Any CPU.ActiveCfg = Debug|Any CPU
		{343FEF9E-49A6-4FBB-9CA6-2AAEF476E0EC}.Debug|Any CPU.Build.0 = Debug|Any CPU
		{343FEF9E-49A6-4FBB-9CA6-2AAEF476E0EC}.Release|Any CPU.ActiveCfg = Release|Any CPU
		{343FEF9E-49A6-4FBB-9CA6-2AAEF476E0EC}.Release|Any CPU.Build.0 = Release|Any CPU
		{94FA8172-3C13-49B3-AAAB-C3BE96691824}.Debug|Any CPU.ActiveCfg = Debug|Any CPU
		{94FA8172-3C13-49B3-AAAB-C3BE96691824}.Debug|Any CPU.Build.0 = Debug|Any CPU
		{94FA8172-3C13-49B3-AAAB-C3BE96691824}.Release|Any CPU.ActiveCfg = Release|Any CPU
		{94FA8172-3C13-49B3-AAAB-C3BE96691824}.Release|Any CPU.Build.0 = Release|Any CPU
		{37D913AA-AC6D-40EF-BE5A-9B234C2E3778}.Debug|Any CPU.ActiveCfg = Debug|Any CPU
		{37D913AA-AC6D-40EF-BE5A-9B234C2E3778}.Debug|Any CPU.Build.0 = Debug|Any CPU
		{37D913AA-AC6D-40EF-BE5A-9B234C2E3778}.Release|Any CPU.ActiveCfg = Release|Any CPU
		{37D913AA-AC6D-40EF-BE5A-9B234C2E3778}.Release|Any CPU.Build.0 = Release|Any CPU
		{8A2C8AB7-682A-44C0-B26F-0D5DFDDF3E00}.Debug|Any CPU.ActiveCfg = Debug|Any CPU
		{8A2C8AB7-682A-44C0-B26F-0D5DFDDF3E00}.Debug|Any CPU.Build.0 = Debug|Any CPU
		{8A2C8AB7-682A-44C0-B26F-0D5DFDDF3E00}.Release|Any CPU.ActiveCfg = Release|Any CPU
		{8A2C8AB7-682A-44C0-B26F-0D5DFDDF3E00}.Release|Any CPU.Build.0 = Release|Any CPU
		{71D55939-6037-4A12-A0DD-83BDB5ABD59C}.Debug|Any CPU.ActiveCfg = Debug|Any CPU
		{71D55939-6037-4A12-A0DD-83BDB5ABD59C}.Debug|Any CPU.Build.0 = Debug|Any CPU
		{71D55939-6037-4A12-A0DD-83BDB5ABD59C}.Release|Any CPU.ActiveCfg = Release|Any CPU
		{71D55939-6037-4A12-A0DD-83BDB5ABD59C}.Release|Any CPU.Build.0 = Release|Any CPU
		{B0D1BBBF-C750-4ED3-B59B-28863F33D74F}.Debug|Any CPU.ActiveCfg = Debug|Any CPU
		{B0D1BBBF-C750-4ED3-B59B-28863F33D74F}.Debug|Any CPU.Build.0 = Debug|Any CPU
		{B0D1BBBF-C750-4ED3-B59B-28863F33D74F}.Release|Any CPU.ActiveCfg = Release|Any CPU
		{B0D1BBBF-C750-4ED3-B59B-28863F33D74F}.Release|Any CPU.Build.0 = Release|Any CPU
		{F4A4DBF1-5989-46EC-B9FE-6810FE0C5E13}.Debug|Any CPU.ActiveCfg = Debug|Any CPU
		{F4A4DBF1-5989-46EC-B9FE-6810FE0C5E13}.Debug|Any CPU.Build.0 = Debug|Any CPU
		{F4A4DBF1-5989-46EC-B9FE-6810FE0C5E13}.Release|Any CPU.ActiveCfg = Release|Any CPU
		{F4A4DBF1-5989-46EC-B9FE-6810FE0C5E13}.Release|Any CPU.Build.0 = Release|Any CPU
		{FE69EDBE-6DD2-475D-B344-96A8B2C577BA}.Debug|Any CPU.ActiveCfg = Debug|Any CPU
		{FE69EDBE-6DD2-475D-B344-96A8B2C577BA}.Debug|Any CPU.Build.0 = Debug|Any CPU
		{FE69EDBE-6DD2-475D-B344-96A8B2C577BA}.Release|Any CPU.ActiveCfg = Release|Any CPU
		{FE69EDBE-6DD2-475D-B344-96A8B2C577BA}.Release|Any CPU.Build.0 = Release|Any CPU
		{AF35162C-DF72-43EB-8C12-52270A3EF082}.Debug|Any CPU.ActiveCfg = Debug|Any CPU
		{AF35162C-DF72-43EB-8C12-52270A3EF082}.Debug|Any CPU.Build.0 = Debug|Any CPU
		{AF35162C-DF72-43EB-8C12-52270A3EF082}.Release|Any CPU.ActiveCfg = Release|Any CPU
		{AF35162C-DF72-43EB-8C12-52270A3EF082}.Release|Any CPU.Build.0 = Release|Any CPU
		{39E96C45-EEE1-47DD-9DDE-521888A493E0}.Debug|Any CPU.ActiveCfg = Debug|Any CPU
		{39E96C45-EEE1-47DD-9DDE-521888A493E0}.Debug|Any CPU.Build.0 = Debug|Any CPU
		{39E96C45-EEE1-47DD-9DDE-521888A493E0}.Release|Any CPU.ActiveCfg = Release|Any CPU
		{39E96C45-EEE1-47DD-9DDE-521888A493E0}.Release|Any CPU.Build.0 = Release|Any CPU
		{E480F21D-0782-4E81-9A89-B721C4CF1B1C}.Debug|Any CPU.ActiveCfg = Debug|Any CPU
		{E480F21D-0782-4E81-9A89-B721C4CF1B1C}.Debug|Any CPU.Build.0 = Debug|Any CPU
		{E480F21D-0782-4E81-9A89-B721C4CF1B1C}.Release|Any CPU.ActiveCfg = Release|Any CPU
		{E480F21D-0782-4E81-9A89-B721C4CF1B1C}.Release|Any CPU.Build.0 = Release|Any CPU
		{83233BA6-A095-4A52-906A-72AB0BF44778}.Debug|Any CPU.ActiveCfg = Debug|Any CPU
		{83233BA6-A095-4A52-906A-72AB0BF44778}.Debug|Any CPU.Build.0 = Debug|Any CPU
		{83233BA6-A095-4A52-906A-72AB0BF44778}.Release|Any CPU.ActiveCfg = Release|Any CPU
		{83233BA6-A095-4A52-906A-72AB0BF44778}.Release|Any CPU.Build.0 = Release|Any CPU
		{303392B5-0472-4E46-99B7-7229B9F8C5F1}.Debug|Any CPU.ActiveCfg = Debug|Any CPU
		{303392B5-0472-4E46-99B7-7229B9F8C5F1}.Debug|Any CPU.Build.0 = Debug|Any CPU
		{303392B5-0472-4E46-99B7-7229B9F8C5F1}.Release|Any CPU.ActiveCfg = Release|Any CPU
		{303392B5-0472-4E46-99B7-7229B9F8C5F1}.Release|Any CPU.Build.0 = Release|Any CPU
		{658F7A17-A8D3-48D5-8C85-47E0701222F3}.Debug|Any CPU.ActiveCfg = Debug|Any CPU
		{658F7A17-A8D3-48D5-8C85-47E0701222F3}.Debug|Any CPU.Build.0 = Debug|Any CPU
		{658F7A17-A8D3-48D5-8C85-47E0701222F3}.Release|Any CPU.ActiveCfg = Release|Any CPU
		{658F7A17-A8D3-48D5-8C85-47E0701222F3}.Release|Any CPU.Build.0 = Release|Any CPU
		{FAE93EBF-EF79-4543-A56C-380038515570}.Debug|Any CPU.ActiveCfg = Debug|Any CPU
		{FAE93EBF-EF79-4543-A56C-380038515570}.Debug|Any CPU.Build.0 = Debug|Any CPU
		{FAE93EBF-EF79-4543-A56C-380038515570}.Release|Any CPU.ActiveCfg = Release|Any CPU
		{FAE93EBF-EF79-4543-A56C-380038515570}.Release|Any CPU.Build.0 = Release|Any CPU
		{8C39AFA4-AF20-4B94-B4A4-E7C0724DF7FD}.Debug|Any CPU.ActiveCfg = Debug|Any CPU
		{8C39AFA4-AF20-4B94-B4A4-E7C0724DF7FD}.Debug|Any CPU.Build.0 = Debug|Any CPU
		{8C39AFA4-AF20-4B94-B4A4-E7C0724DF7FD}.Release|Any CPU.ActiveCfg = Release|Any CPU
		{8C39AFA4-AF20-4B94-B4A4-E7C0724DF7FD}.Release|Any CPU.Build.0 = Release|Any CPU
	EndGlobalSection
	GlobalSection(SolutionProperties) = preSolution
		HideSolutionNode = FALSE
	EndGlobalSection
	GlobalSection(ExtensibilityGlobals) = postSolution
		SolutionGuid = {9E2255E7-9010-401D-A0EB-67E293C1831B}
	EndGlobalSection
EndGlobal
