
Microsoft Visual Studio Solution File, Format Version 12.00
# Visual Studio Version 17
VisualStudioVersion = 17.2.32630.192
MinimumVisualStudioVersion = 10.0.40219.1
Project("{9A19103F-16F7-4668-BE54-9A1E7A4F7556}") = "R5T.Z0053", "R5T.Z0053\R5T.Z0053.csproj", "{8F57E12D-D058-4EA8-875E-D129FB0CC090}"
EndProject
Project("{2150E333-8FDC-42A3-9474-1A3956D46DE8}") = "_Dependencies", "_Dependencies", "{23E8EEAE-21F3-4B47-A359-2997FC043826}"
EndProject
Project("{9A19103F-16F7-4668-BE54-9A1E7A4F7556}") = "R5T.F0000", "..\..\R5T.F0000\source\R5T.F0000\R5T.F0000.csproj", "{5033AE26-47C1-4F7F-8869-D6D02FD776C0}"
EndProject
Project("{9A19103F-16F7-4668-BE54-9A1E7A4F7556}") = "R5T.F0002", "..\..\R5T.F0002\source\R5T.F0002\R5T.F0002.csproj", "{B87BAFD4-BB8A-408D-BB5D-9CE9FADE7FAF}"
EndProject
Project("{9A19103F-16F7-4668-BE54-9A1E7A4F7556}") = "R5T.F0120", "..\..\R5T.F0120\source\R5T.F0120\R5T.F0120.csproj", "{1EA2377B-C92F-4AD8-BC35-3DCF36B53711}"
EndProject
Project("{9A19103F-16F7-4668-BE54-9A1E7A4F7556}") = "R5T.F0124", "..\..\R5T.F0124\source\R5T.F0124\R5T.F0124.csproj", "{2C23AB10-A366-4E77-BCAA-4448B71A4684}"
EndProject
Project("{9A19103F-16F7-4668-BE54-9A1E7A4F7556}") = "R5T.F0125", "..\..\R5T.F0125\source\R5T.F0125\R5T.F0125.csproj", "{49055938-E8B6-498B-8A51-9326432EB45E}"
EndProject
Project("{9A19103F-16F7-4668-BE54-9A1E7A4F7556}") = "R5T.L0030.T000", "..\..\R5T.L0030\source\R5T.L0030.T000\R5T.L0030.T000.csproj", "{58A04C90-E488-48CC-B178-097531081F15}"
EndProject
Project("{9A19103F-16F7-4668-BE54-9A1E7A4F7556}") = "R5T.L0030", "..\..\R5T.L0030\source\R5T.L0030\R5T.L0030.csproj", "{65D3C289-6CD6-4694-B8AD-43E901275243}"
EndProject
Project("{9A19103F-16F7-4668-BE54-9A1E7A4F7556}") = "R5T.L0032.F000", "..\..\R5T.L0032\source\R5T.L0032.F000\R5T.L0032.F000.csproj", "{C5825653-8136-44F7-A984-69B599D73486}"
EndProject
Project("{9A19103F-16F7-4668-BE54-9A1E7A4F7556}") = "R5T.L0032.T000", "..\..\R5T.L0032\source\R5T.L0032.T000\R5T.L0032.T000.csproj", "{98099A65-FA3B-47B8-8972-BB3F39F8757A}"
EndProject
Project("{9A19103F-16F7-4668-BE54-9A1E7A4F7556}") = "R5T.L0032.Z000", "..\..\R5T.L0032\source\R5T.L0032.Z000\R5T.L0032.Z000.csproj", "{6AD4C145-5483-4CCB-AB87-5B02C4891B5E}"
EndProject
Project("{9A19103F-16F7-4668-BE54-9A1E7A4F7556}") = "R5T.L0034", "..\..\R5T.L0034\source\R5T.L0034\R5T.L0034.csproj", "{2B54F4DF-75C8-4D96-AB7B-17436F1C31E0}"
EndProject
Project("{9A19103F-16F7-4668-BE54-9A1E7A4F7556}") = "R5T.L0035", "..\..\R5T.L0035\source\R5T.L0035\R5T.L0035.csproj", "{DF131994-4BC5-4E18-9DC4-507939915DB1}"
EndProject
Project("{9A19103F-16F7-4668-BE54-9A1E7A4F7556}") = "R5T.NG0022", "..\..\R5T.NG0022\source\R5T.NG0022\R5T.NG0022.csproj", "{910D514E-4813-4FA9-88B2-0039CACC60F4}"
EndProject
Project("{9A19103F-16F7-4668-BE54-9A1E7A4F7556}") = "R5T.O0025.O000", "..\..\R5T.O0025\source\R5T.O0025.O000\R5T.O0025.O000.csproj", "{8440D8FB-E7E5-44A8-BB4C-C1D0CE9231EC}"
EndProject
Project("{9A19103F-16F7-4668-BE54-9A1E7A4F7556}") = "R5T.T0131", "..\..\R5T.T0131\source\R5T.T0131\R5T.T0131.csproj", "{3D4CE62C-0ACC-4CBE-9D57-70FD8815B163}"
EndProject
Project("{9A19103F-16F7-4668-BE54-9A1E7A4F7556}") = "R5T.T0132", "..\..\R5T.T0132\source\R5T.T0132\R5T.T0132.csproj", "{7F0FFBD2-0CC4-4335-A543-1F968330DA57}"
EndProject
Project("{9A19103F-16F7-4668-BE54-9A1E7A4F7556}") = "R5T.T0142", "..\..\R5T.T0142\source\R5T.T0142\R5T.T0142.csproj", "{EACA5A94-5FBC-42E5-98D3-A9ADEDA0EDE8}"
EndProject
Project("{9A19103F-16F7-4668-BE54-9A1E7A4F7556}") = "R5T.T0143", "..\..\R5T.T0143\source\R5T.T0143\R5T.T0143.csproj", "{267E0BD3-62EC-420C-8B05-F7F674D6A65C}"
EndProject
Project("{9A19103F-16F7-4668-BE54-9A1E7A4F7556}") = "R5T.T0150", "..\..\R5T.T0150\source\R5T.T0150\R5T.T0150.csproj", "{62BB1E3C-0D23-4EB6-BDEB-93BB666DC2BA}"
EndProject
Project("{9A19103F-16F7-4668-BE54-9A1E7A4F7556}") = "R5T.T0151", "..\..\R5T.T0151\source\R5T.T0151\R5T.T0151.csproj", "{2B66A6FD-7D02-41F1-BCA6-AEC39D3F407B}"
EndProject
Project("{9A19103F-16F7-4668-BE54-9A1E7A4F7556}") = "R5T.T0156", "..\..\R5T.T0156\source\R5T.T0156\R5T.T0156.csproj", "{5765D664-B842-46C5-8B3F-39E3E32EB471}"
EndProject
Project("{9A19103F-16F7-4668-BE54-9A1E7A4F7556}") = "R5T.T0172", "..\..\R5T.T0172\source\R5T.T0172\R5T.T0172.csproj", "{696D5C6C-57D0-44E4-ADE9-447199F67E8D}"
EndProject
Project("{9A19103F-16F7-4668-BE54-9A1E7A4F7556}") = "R5T.T0174", "..\..\R5T.T0174\source\R5T.T0174\R5T.T0174.csproj", "{0B282B8B-F7C5-4A82-80FD-0FC5E655DB24}"
EndProject
Project("{9A19103F-16F7-4668-BE54-9A1E7A4F7556}") = "R5T.T0176", "..\..\R5T.T0176\source\R5T.T0176\R5T.T0176.csproj", "{A3E70D33-853B-4EB5-8710-903109D9CB08}"
EndProject
Project("{9A19103F-16F7-4668-BE54-9A1E7A4F7556}") = "R5T.T0177", "..\..\R5T.T0177\source\R5T.T0177\R5T.T0177.csproj", "{8BB9A9C9-A956-4CD5-A2F2-675C1F5F3B46}"
EndProject
Project("{9A19103F-16F7-4668-BE54-9A1E7A4F7556}") = "R5T.T0178", "..\..\R5T.T0178\source\R5T.T0178\R5T.T0178.csproj", "{8D672989-FFC2-48DF-B12D-7252AB65CBE4}"
EndProject
Project("{9A19103F-16F7-4668-BE54-9A1E7A4F7556}") = "R5T.T0179", "..\..\R5T.T0179\source\R5T.T0179\R5T.T0179.csproj", "{57A4D385-F53B-438C-B158-D2BC5E67E8B5}"
EndProject
Project("{9A19103F-16F7-4668-BE54-9A1E7A4F7556}") = "R5T.T0180", "..\..\R5T.T0180\source\R5T.T0180\R5T.T0180.csproj", "{982A7F52-28A4-4CEF-8AED-B5C6CB5F443C}"
EndProject
Project("{9A19103F-16F7-4668-BE54-9A1E7A4F7556}") = "R5T.T0181", "..\..\R5T.T0181\source\R5T.T0181\R5T.T0181.csproj", "{926E40F6-2A4F-4FB8-98F2-E43A5488BD90}"
EndProject
Project("{9A19103F-16F7-4668-BE54-9A1E7A4F7556}") = "R5T.T0185", "..\..\R5T.T0185\source\R5T.T0185\R5T.T0185.csproj", "{1BE8C820-5611-4B7E-82E8-F69AF952513A}"
EndProject
Project("{9A19103F-16F7-4668-BE54-9A1E7A4F7556}") = "R5T.T0198", "..\..\R5T.T0198\source\R5T.T0198\R5T.T0198.csproj", "{BDD9D8F0-A6CB-4DDC-BE4C-B5737F0D1EEB}"
EndProject
Project("{9A19103F-16F7-4668-BE54-9A1E7A4F7556}") = "R5T.T0203", "..\..\R5T.T0203\source\R5T.T0203\R5T.T0203.csproj", "{E86CB294-9DE7-411E-AC9C-F10DD47A51D2}"
EndProject
Project("{9A19103F-16F7-4668-BE54-9A1E7A4F7556}") = "R5T.T0210", "..\..\R5T.T0210\source\R5T.T0210\R5T.T0210.csproj", "{B234E0B2-01F1-4FE3-9877-AE3668322052}"
EndProject
Project("{9A19103F-16F7-4668-BE54-9A1E7A4F7556}") = "R5T.Y0000", "..\..\R5T.Y0000\source\R5T.Y0000\R5T.Y0000.csproj", "{121A7C7F-5B30-401F-8A0A-25EE989E15AF}"
EndProject
Project("{9A19103F-16F7-4668-BE54-9A1E7A4F7556}") = "R5T.Z0000", "..\..\R5T.Z0000\source\R5T.Z0000\R5T.Z0000.csproj", "{A9DB2A52-FC93-4A00-BF7F-D7DD530372E4}"
EndProject
Project("{9A19103F-16F7-4668-BE54-9A1E7A4F7556}") = "R5T.F0091", "..\..\R5T.F0091\source\R5T.F0091\R5T.F0091.csproj", "{BF107FCB-1DCF-4BC3-AE73-D2B3FF7954FF}"
EndProject
Project("{9A19103F-16F7-4668-BE54-9A1E7A4F7556}") = "R5T.Z0052.Z000", "..\..\R5T.Z0052\source\R5T.Z0052.Z000\R5T.Z0052.Z000.csproj", "{B9699C09-54D6-45AB-94D8-5DE2179AAAD9}"
EndProject
Project("{9A19103F-16F7-4668-BE54-9A1E7A4F7556}") = "R5T.Z0052.Z001", "..\..\R5T.Z0052\source\R5T.Z0052.Z001\R5T.Z0052.Z001.csproj", "{802167A6-74E5-45AE-B4D4-91FE7E79355F}"
EndProject
Project("{9A19103F-16F7-4668-BE54-9A1E7A4F7556}") = "R5T.Z0052", "..\..\R5T.Z0052\source\R5T.Z0052\R5T.Z0052.csproj", "{4F0E30A6-9242-4748-8870-4F6A543451D0}"
EndProject
Global
	GlobalSection(NestedProjects) = preSolution
		{5033AE26-47C1-4F7F-8869-D6D02FD776C0} = {23E8EEAE-21F3-4B47-A359-2997FC043826}
		{B87BAFD4-BB8A-408D-BB5D-9CE9FADE7FAF} = {23E8EEAE-21F3-4B47-A359-2997FC043826}
		{1EA2377B-C92F-4AD8-BC35-3DCF36B53711} = {23E8EEAE-21F3-4B47-A359-2997FC043826}
		{2C23AB10-A366-4E77-BCAA-4448B71A4684} = {23E8EEAE-21F3-4B47-A359-2997FC043826}
		{49055938-E8B6-498B-8A51-9326432EB45E} = {23E8EEAE-21F3-4B47-A359-2997FC043826}
		{58A04C90-E488-48CC-B178-097531081F15} = {23E8EEAE-21F3-4B47-A359-2997FC043826}
		{65D3C289-6CD6-4694-B8AD-43E901275243} = {23E8EEAE-21F3-4B47-A359-2997FC043826}
		{C5825653-8136-44F7-A984-69B599D73486} = {23E8EEAE-21F3-4B47-A359-2997FC043826}
		{98099A65-FA3B-47B8-8972-BB3F39F8757A} = {23E8EEAE-21F3-4B47-A359-2997FC043826}
		{6AD4C145-5483-4CCB-AB87-5B02C4891B5E} = {23E8EEAE-21F3-4B47-A359-2997FC043826}
		{2B54F4DF-75C8-4D96-AB7B-17436F1C31E0} = {23E8EEAE-21F3-4B47-A359-2997FC043826}
		{DF131994-4BC5-4E18-9DC4-507939915DB1} = {23E8EEAE-21F3-4B47-A359-2997FC043826}
		{910D514E-4813-4FA9-88B2-0039CACC60F4} = {23E8EEAE-21F3-4B47-A359-2997FC043826}
		{8440D8FB-E7E5-44A8-BB4C-C1D0CE9231EC} = {23E8EEAE-21F3-4B47-A359-2997FC043826}
		{3D4CE62C-0ACC-4CBE-9D57-70FD8815B163} = {23E8EEAE-21F3-4B47-A359-2997FC043826}
		{7F0FFBD2-0CC4-4335-A543-1F968330DA57} = {23E8EEAE-21F3-4B47-A359-2997FC043826}
		{EACA5A94-5FBC-42E5-98D3-A9ADEDA0EDE8} = {23E8EEAE-21F3-4B47-A359-2997FC043826}
		{267E0BD3-62EC-420C-8B05-F7F674D6A65C} = {23E8EEAE-21F3-4B47-A359-2997FC043826}
		{62BB1E3C-0D23-4EB6-BDEB-93BB666DC2BA} = {23E8EEAE-21F3-4B47-A359-2997FC043826}
		{2B66A6FD-7D02-41F1-BCA6-AEC39D3F407B} = {23E8EEAE-21F3-4B47-A359-2997FC043826}
		{5765D664-B842-46C5-8B3F-39E3E32EB471} = {23E8EEAE-21F3-4B47-A359-2997FC043826}
		{696D5C6C-57D0-44E4-ADE9-447199F67E8D} = {23E8EEAE-21F3-4B47-A359-2997FC043826}
		{0B282B8B-F7C5-4A82-80FD-0FC5E655DB24} = {23E8EEAE-21F3-4B47-A359-2997FC043826}
		{A3E70D33-853B-4EB5-8710-903109D9CB08} = {23E8EEAE-21F3-4B47-A359-2997FC043826}
		{8BB9A9C9-A956-4CD5-A2F2-675C1F5F3B46} = {23E8EEAE-21F3-4B47-A359-2997FC043826}
		{8D672989-FFC2-48DF-B12D-7252AB65CBE4} = {23E8EEAE-21F3-4B47-A359-2997FC043826}
		{57A4D385-F53B-438C-B158-D2BC5E67E8B5} = {23E8EEAE-21F3-4B47-A359-2997FC043826}
		{982A7F52-28A4-4CEF-8AED-B5C6CB5F443C} = {23E8EEAE-21F3-4B47-A359-2997FC043826}
		{926E40F6-2A4F-4FB8-98F2-E43A5488BD90} = {23E8EEAE-21F3-4B47-A359-2997FC043826}
		{1BE8C820-5611-4B7E-82E8-F69AF952513A} = {23E8EEAE-21F3-4B47-A359-2997FC043826}
		{BDD9D8F0-A6CB-4DDC-BE4C-B5737F0D1EEB} = {23E8EEAE-21F3-4B47-A359-2997FC043826}
		{E86CB294-9DE7-411E-AC9C-F10DD47A51D2} = {23E8EEAE-21F3-4B47-A359-2997FC043826}
		{B234E0B2-01F1-4FE3-9877-AE3668322052} = {23E8EEAE-21F3-4B47-A359-2997FC043826}
		{121A7C7F-5B30-401F-8A0A-25EE989E15AF} = {23E8EEAE-21F3-4B47-A359-2997FC043826}
		{A9DB2A52-FC93-4A00-BF7F-D7DD530372E4} = {23E8EEAE-21F3-4B47-A359-2997FC043826}
		{BF107FCB-1DCF-4BC3-AE73-D2B3FF7954FF} = {23E8EEAE-21F3-4B47-A359-2997FC043826}
		{B9699C09-54D6-45AB-94D8-5DE2179AAAD9} = {23E8EEAE-21F3-4B47-A359-2997FC043826}
		{802167A6-74E5-45AE-B4D4-91FE7E79355F} = {23E8EEAE-21F3-4B47-A359-2997FC043826}
		{4F0E30A6-9242-4748-8870-4F6A543451D0} = {23E8EEAE-21F3-4B47-A359-2997FC043826}
	EndGlobalSection
	GlobalSection(SolutionConfigurationPlatforms) = preSolution
		Debug|Any CPU = Debug|Any CPU
		Release|Any CPU = Release|Any CPU
	EndGlobalSection
	GlobalSection(ProjectConfigurationPlatforms) = postSolution
		{8F57E12D-D058-4EA8-875E-D129FB0CC090}.Debug|Any CPU.ActiveCfg = Debug|Any CPU
		{8F57E12D-D058-4EA8-875E-D129FB0CC090}.Debug|Any CPU.Build.0 = Debug|Any CPU
		{8F57E12D-D058-4EA8-875E-D129FB0CC090}.Release|Any CPU.ActiveCfg = Release|Any CPU
		{8F57E12D-D058-4EA8-875E-D129FB0CC090}.Release|Any CPU.Build.0 = Release|Any CPU
		{5033AE26-47C1-4F7F-8869-D6D02FD776C0}.Debug|Any CPU.ActiveCfg = Debug|Any CPU
		{5033AE26-47C1-4F7F-8869-D6D02FD776C0}.Debug|Any CPU.Build.0 = Debug|Any CPU
		{5033AE26-47C1-4F7F-8869-D6D02FD776C0}.Release|Any CPU.ActiveCfg = Release|Any CPU
		{5033AE26-47C1-4F7F-8869-D6D02FD776C0}.Release|Any CPU.Build.0 = Release|Any CPU
		{B87BAFD4-BB8A-408D-BB5D-9CE9FADE7FAF}.Debug|Any CPU.ActiveCfg = Debug|Any CPU
		{B87BAFD4-BB8A-408D-BB5D-9CE9FADE7FAF}.Debug|Any CPU.Build.0 = Debug|Any CPU
		{B87BAFD4-BB8A-408D-BB5D-9CE9FADE7FAF}.Release|Any CPU.ActiveCfg = Release|Any CPU
		{B87BAFD4-BB8A-408D-BB5D-9CE9FADE7FAF}.Release|Any CPU.Build.0 = Release|Any CPU
		{1EA2377B-C92F-4AD8-BC35-3DCF36B53711}.Debug|Any CPU.ActiveCfg = Debug|Any CPU
		{1EA2377B-C92F-4AD8-BC35-3DCF36B53711}.Debug|Any CPU.Build.0 = Debug|Any CPU
		{1EA2377B-C92F-4AD8-BC35-3DCF36B53711}.Release|Any CPU.ActiveCfg = Release|Any CPU
		{1EA2377B-C92F-4AD8-BC35-3DCF36B53711}.Release|Any CPU.Build.0 = Release|Any CPU
		{2C23AB10-A366-4E77-BCAA-4448B71A4684}.Debug|Any CPU.ActiveCfg = Debug|Any CPU
		{2C23AB10-A366-4E77-BCAA-4448B71A4684}.Debug|Any CPU.Build.0 = Debug|Any CPU
		{2C23AB10-A366-4E77-BCAA-4448B71A4684}.Release|Any CPU.ActiveCfg = Release|Any CPU
		{2C23AB10-A366-4E77-BCAA-4448B71A4684}.Release|Any CPU.Build.0 = Release|Any CPU
		{49055938-E8B6-498B-8A51-9326432EB45E}.Debug|Any CPU.ActiveCfg = Debug|Any CPU
		{49055938-E8B6-498B-8A51-9326432EB45E}.Debug|Any CPU.Build.0 = Debug|Any CPU
		{49055938-E8B6-498B-8A51-9326432EB45E}.Release|Any CPU.ActiveCfg = Release|Any CPU
		{49055938-E8B6-498B-8A51-9326432EB45E}.Release|Any CPU.Build.0 = Release|Any CPU
		{58A04C90-E488-48CC-B178-097531081F15}.Debug|Any CPU.ActiveCfg = Debug|Any CPU
		{58A04C90-E488-48CC-B178-097531081F15}.Debug|Any CPU.Build.0 = Debug|Any CPU
		{58A04C90-E488-48CC-B178-097531081F15}.Release|Any CPU.ActiveCfg = Release|Any CPU
		{58A04C90-E488-48CC-B178-097531081F15}.Release|Any CPU.Build.0 = Release|Any CPU
		{65D3C289-6CD6-4694-B8AD-43E901275243}.Debug|Any CPU.ActiveCfg = Debug|Any CPU
		{65D3C289-6CD6-4694-B8AD-43E901275243}.Debug|Any CPU.Build.0 = Debug|Any CPU
		{65D3C289-6CD6-4694-B8AD-43E901275243}.Release|Any CPU.ActiveCfg = Release|Any CPU
		{65D3C289-6CD6-4694-B8AD-43E901275243}.Release|Any CPU.Build.0 = Release|Any CPU
		{C5825653-8136-44F7-A984-69B599D73486}.Debug|Any CPU.ActiveCfg = Debug|Any CPU
		{C5825653-8136-44F7-A984-69B599D73486}.Debug|Any CPU.Build.0 = Debug|Any CPU
		{C5825653-8136-44F7-A984-69B599D73486}.Release|Any CPU.ActiveCfg = Release|Any CPU
		{C5825653-8136-44F7-A984-69B599D73486}.Release|Any CPU.Build.0 = Release|Any CPU
		{98099A65-FA3B-47B8-8972-BB3F39F8757A}.Debug|Any CPU.ActiveCfg = Debug|Any CPU
		{98099A65-FA3B-47B8-8972-BB3F39F8757A}.Debug|Any CPU.Build.0 = Debug|Any CPU
		{98099A65-FA3B-47B8-8972-BB3F39F8757A}.Release|Any CPU.ActiveCfg = Release|Any CPU
		{98099A65-FA3B-47B8-8972-BB3F39F8757A}.Release|Any CPU.Build.0 = Release|Any CPU
		{6AD4C145-5483-4CCB-AB87-5B02C4891B5E}.Debug|Any CPU.ActiveCfg = Debug|Any CPU
		{6AD4C145-5483-4CCB-AB87-5B02C4891B5E}.Debug|Any CPU.Build.0 = Debug|Any CPU
		{6AD4C145-5483-4CCB-AB87-5B02C4891B5E}.Release|Any CPU.ActiveCfg = Release|Any CPU
		{6AD4C145-5483-4CCB-AB87-5B02C4891B5E}.Release|Any CPU.Build.0 = Release|Any CPU
		{2B54F4DF-75C8-4D96-AB7B-17436F1C31E0}.Debug|Any CPU.ActiveCfg = Debug|Any CPU
		{2B54F4DF-75C8-4D96-AB7B-17436F1C31E0}.Debug|Any CPU.Build.0 = Debug|Any CPU
		{2B54F4DF-75C8-4D96-AB7B-17436F1C31E0}.Release|Any CPU.ActiveCfg = Release|Any CPU
		{2B54F4DF-75C8-4D96-AB7B-17436F1C31E0}.Release|Any CPU.Build.0 = Release|Any CPU
		{DF131994-4BC5-4E18-9DC4-507939915DB1}.Debug|Any CPU.ActiveCfg = Debug|Any CPU
		{DF131994-4BC5-4E18-9DC4-507939915DB1}.Debug|Any CPU.Build.0 = Debug|Any CPU
		{DF131994-4BC5-4E18-9DC4-507939915DB1}.Release|Any CPU.ActiveCfg = Release|Any CPU
		{DF131994-4BC5-4E18-9DC4-507939915DB1}.Release|Any CPU.Build.0 = Release|Any CPU
		{910D514E-4813-4FA9-88B2-0039CACC60F4}.Debug|Any CPU.ActiveCfg = Debug|Any CPU
		{910D514E-4813-4FA9-88B2-0039CACC60F4}.Debug|Any CPU.Build.0 = Debug|Any CPU
		{910D514E-4813-4FA9-88B2-0039CACC60F4}.Release|Any CPU.ActiveCfg = Release|Any CPU
		{910D514E-4813-4FA9-88B2-0039CACC60F4}.Release|Any CPU.Build.0 = Release|Any CPU
		{8440D8FB-E7E5-44A8-BB4C-C1D0CE9231EC}.Debug|Any CPU.ActiveCfg = Debug|Any CPU
		{8440D8FB-E7E5-44A8-BB4C-C1D0CE9231EC}.Debug|Any CPU.Build.0 = Debug|Any CPU
		{8440D8FB-E7E5-44A8-BB4C-C1D0CE9231EC}.Release|Any CPU.ActiveCfg = Release|Any CPU
		{8440D8FB-E7E5-44A8-BB4C-C1D0CE9231EC}.Release|Any CPU.Build.0 = Release|Any CPU
		{3D4CE62C-0ACC-4CBE-9D57-70FD8815B163}.Debug|Any CPU.ActiveCfg = Debug|Any CPU
		{3D4CE62C-0ACC-4CBE-9D57-70FD8815B163}.Debug|Any CPU.Build.0 = Debug|Any CPU
		{3D4CE62C-0ACC-4CBE-9D57-70FD8815B163}.Release|Any CPU.ActiveCfg = Release|Any CPU
		{3D4CE62C-0ACC-4CBE-9D57-70FD8815B163}.Release|Any CPU.Build.0 = Release|Any CPU
		{7F0FFBD2-0CC4-4335-A543-1F968330DA57}.Debug|Any CPU.ActiveCfg = Debug|Any CPU
		{7F0FFBD2-0CC4-4335-A543-1F968330DA57}.Debug|Any CPU.Build.0 = Debug|Any CPU
		{7F0FFBD2-0CC4-4335-A543-1F968330DA57}.Release|Any CPU.ActiveCfg = Release|Any CPU
		{7F0FFBD2-0CC4-4335-A543-1F968330DA57}.Release|Any CPU.Build.0 = Release|Any CPU
		{EACA5A94-5FBC-42E5-98D3-A9ADEDA0EDE8}.Debug|Any CPU.ActiveCfg = Debug|Any CPU
		{EACA5A94-5FBC-42E5-98D3-A9ADEDA0EDE8}.Debug|Any CPU.Build.0 = Debug|Any CPU
		{EACA5A94-5FBC-42E5-98D3-A9ADEDA0EDE8}.Release|Any CPU.ActiveCfg = Release|Any CPU
		{EACA5A94-5FBC-42E5-98D3-A9ADEDA0EDE8}.Release|Any CPU.Build.0 = Release|Any CPU
		{267E0BD3-62EC-420C-8B05-F7F674D6A65C}.Debug|Any CPU.ActiveCfg = Debug|Any CPU
		{267E0BD3-62EC-420C-8B05-F7F674D6A65C}.Debug|Any CPU.Build.0 = Debug|Any CPU
		{267E0BD3-62EC-420C-8B05-F7F674D6A65C}.Release|Any CPU.ActiveCfg = Release|Any CPU
		{267E0BD3-62EC-420C-8B05-F7F674D6A65C}.Release|Any CPU.Build.0 = Release|Any CPU
		{62BB1E3C-0D23-4EB6-BDEB-93BB666DC2BA}.Debug|Any CPU.ActiveCfg = Debug|Any CPU
		{62BB1E3C-0D23-4EB6-BDEB-93BB666DC2BA}.Debug|Any CPU.Build.0 = Debug|Any CPU
		{62BB1E3C-0D23-4EB6-BDEB-93BB666DC2BA}.Release|Any CPU.ActiveCfg = Release|Any CPU
		{62BB1E3C-0D23-4EB6-BDEB-93BB666DC2BA}.Release|Any CPU.Build.0 = Release|Any CPU
		{2B66A6FD-7D02-41F1-BCA6-AEC39D3F407B}.Debug|Any CPU.ActiveCfg = Debug|Any CPU
		{2B66A6FD-7D02-41F1-BCA6-AEC39D3F407B}.Debug|Any CPU.Build.0 = Debug|Any CPU
		{2B66A6FD-7D02-41F1-BCA6-AEC39D3F407B}.Release|Any CPU.ActiveCfg = Release|Any CPU
		{2B66A6FD-7D02-41F1-BCA6-AEC39D3F407B}.Release|Any CPU.Build.0 = Release|Any CPU
		{5765D664-B842-46C5-8B3F-39E3E32EB471}.Debug|Any CPU.ActiveCfg = Debug|Any CPU
		{5765D664-B842-46C5-8B3F-39E3E32EB471}.Debug|Any CPU.Build.0 = Debug|Any CPU
		{5765D664-B842-46C5-8B3F-39E3E32EB471}.Release|Any CPU.ActiveCfg = Release|Any CPU
		{5765D664-B842-46C5-8B3F-39E3E32EB471}.Release|Any CPU.Build.0 = Release|Any CPU
		{696D5C6C-57D0-44E4-ADE9-447199F67E8D}.Debug|Any CPU.ActiveCfg = Debug|Any CPU
		{696D5C6C-57D0-44E4-ADE9-447199F67E8D}.Debug|Any CPU.Build.0 = Debug|Any CPU
		{696D5C6C-57D0-44E4-ADE9-447199F67E8D}.Release|Any CPU.ActiveCfg = Release|Any CPU
		{696D5C6C-57D0-44E4-ADE9-447199F67E8D}.Release|Any CPU.Build.0 = Release|Any CPU
		{0B282B8B-F7C5-4A82-80FD-0FC5E655DB24}.Debug|Any CPU.ActiveCfg = Debug|Any CPU
		{0B282B8B-F7C5-4A82-80FD-0FC5E655DB24}.Debug|Any CPU.Build.0 = Debug|Any CPU
		{0B282B8B-F7C5-4A82-80FD-0FC5E655DB24}.Release|Any CPU.ActiveCfg = Release|Any CPU
		{0B282B8B-F7C5-4A82-80FD-0FC5E655DB24}.Release|Any CPU.Build.0 = Release|Any CPU
		{A3E70D33-853B-4EB5-8710-903109D9CB08}.Debug|Any CPU.ActiveCfg = Debug|Any CPU
		{A3E70D33-853B-4EB5-8710-903109D9CB08}.Debug|Any CPU.Build.0 = Debug|Any CPU
		{A3E70D33-853B-4EB5-8710-903109D9CB08}.Release|Any CPU.ActiveCfg = Release|Any CPU
		{A3E70D33-853B-4EB5-8710-903109D9CB08}.Release|Any CPU.Build.0 = Release|Any CPU
		{8BB9A9C9-A956-4CD5-A2F2-675C1F5F3B46}.Debug|Any CPU.ActiveCfg = Debug|Any CPU
		{8BB9A9C9-A956-4CD5-A2F2-675C1F5F3B46}.Debug|Any CPU.Build.0 = Debug|Any CPU
		{8BB9A9C9-A956-4CD5-A2F2-675C1F5F3B46}.Release|Any CPU.ActiveCfg = Release|Any CPU
		{8BB9A9C9-A956-4CD5-A2F2-675C1F5F3B46}.Release|Any CPU.Build.0 = Release|Any CPU
		{8D672989-FFC2-48DF-B12D-7252AB65CBE4}.Debug|Any CPU.ActiveCfg = Debug|Any CPU
		{8D672989-FFC2-48DF-B12D-7252AB65CBE4}.Debug|Any CPU.Build.0 = Debug|Any CPU
		{8D672989-FFC2-48DF-B12D-7252AB65CBE4}.Release|Any CPU.ActiveCfg = Release|Any CPU
		{8D672989-FFC2-48DF-B12D-7252AB65CBE4}.Release|Any CPU.Build.0 = Release|Any CPU
		{57A4D385-F53B-438C-B158-D2BC5E67E8B5}.Debug|Any CPU.ActiveCfg = Debug|Any CPU
		{57A4D385-F53B-438C-B158-D2BC5E67E8B5}.Debug|Any CPU.Build.0 = Debug|Any CPU
		{57A4D385-F53B-438C-B158-D2BC5E67E8B5}.Release|Any CPU.ActiveCfg = Release|Any CPU
		{57A4D385-F53B-438C-B158-D2BC5E67E8B5}.Release|Any CPU.Build.0 = Release|Any CPU
		{982A7F52-28A4-4CEF-8AED-B5C6CB5F443C}.Debug|Any CPU.ActiveCfg = Debug|Any CPU
		{982A7F52-28A4-4CEF-8AED-B5C6CB5F443C}.Debug|Any CPU.Build.0 = Debug|Any CPU
		{982A7F52-28A4-4CEF-8AED-B5C6CB5F443C}.Release|Any CPU.ActiveCfg = Release|Any CPU
		{982A7F52-28A4-4CEF-8AED-B5C6CB5F443C}.Release|Any CPU.Build.0 = Release|Any CPU
		{926E40F6-2A4F-4FB8-98F2-E43A5488BD90}.Debug|Any CPU.ActiveCfg = Debug|Any CPU
		{926E40F6-2A4F-4FB8-98F2-E43A5488BD90}.Debug|Any CPU.Build.0 = Debug|Any CPU
		{926E40F6-2A4F-4FB8-98F2-E43A5488BD90}.Release|Any CPU.ActiveCfg = Release|Any CPU
		{926E40F6-2A4F-4FB8-98F2-E43A5488BD90}.Release|Any CPU.Build.0 = Release|Any CPU
		{1BE8C820-5611-4B7E-82E8-F69AF952513A}.Debug|Any CPU.ActiveCfg = Debug|Any CPU
		{1BE8C820-5611-4B7E-82E8-F69AF952513A}.Debug|Any CPU.Build.0 = Debug|Any CPU
		{1BE8C820-5611-4B7E-82E8-F69AF952513A}.Release|Any CPU.ActiveCfg = Release|Any CPU
		{1BE8C820-5611-4B7E-82E8-F69AF952513A}.Release|Any CPU.Build.0 = Release|Any CPU
		{BDD9D8F0-A6CB-4DDC-BE4C-B5737F0D1EEB}.Debug|Any CPU.ActiveCfg = Debug|Any CPU
		{BDD9D8F0-A6CB-4DDC-BE4C-B5737F0D1EEB}.Debug|Any CPU.Build.0 = Debug|Any CPU
		{BDD9D8F0-A6CB-4DDC-BE4C-B5737F0D1EEB}.Release|Any CPU.ActiveCfg = Release|Any CPU
		{BDD9D8F0-A6CB-4DDC-BE4C-B5737F0D1EEB}.Release|Any CPU.Build.0 = Release|Any CPU
		{E86CB294-9DE7-411E-AC9C-F10DD47A51D2}.Debug|Any CPU.ActiveCfg = Debug|Any CPU
		{E86CB294-9DE7-411E-AC9C-F10DD47A51D2}.Debug|Any CPU.Build.0 = Debug|Any CPU
		{E86CB294-9DE7-411E-AC9C-F10DD47A51D2}.Release|Any CPU.ActiveCfg = Release|Any CPU
		{E86CB294-9DE7-411E-AC9C-F10DD47A51D2}.Release|Any CPU.Build.0 = Release|Any CPU
		{B234E0B2-01F1-4FE3-9877-AE3668322052}.Debug|Any CPU.ActiveCfg = Debug|Any CPU
		{B234E0B2-01F1-4FE3-9877-AE3668322052}.Debug|Any CPU.Build.0 = Debug|Any CPU
		{B234E0B2-01F1-4FE3-9877-AE3668322052}.Release|Any CPU.ActiveCfg = Release|Any CPU
		{B234E0B2-01F1-4FE3-9877-AE3668322052}.Release|Any CPU.Build.0 = Release|Any CPU
		{121A7C7F-5B30-401F-8A0A-25EE989E15AF}.Debug|Any CPU.ActiveCfg = Debug|Any CPU
		{121A7C7F-5B30-401F-8A0A-25EE989E15AF}.Debug|Any CPU.Build.0 = Debug|Any CPU
		{121A7C7F-5B30-401F-8A0A-25EE989E15AF}.Release|Any CPU.ActiveCfg = Release|Any CPU
		{121A7C7F-5B30-401F-8A0A-25EE989E15AF}.Release|Any CPU.Build.0 = Release|Any CPU
		{A9DB2A52-FC93-4A00-BF7F-D7DD530372E4}.Debug|Any CPU.ActiveCfg = Debug|Any CPU
		{A9DB2A52-FC93-4A00-BF7F-D7DD530372E4}.Debug|Any CPU.Build.0 = Debug|Any CPU
		{A9DB2A52-FC93-4A00-BF7F-D7DD530372E4}.Release|Any CPU.ActiveCfg = Release|Any CPU
		{A9DB2A52-FC93-4A00-BF7F-D7DD530372E4}.Release|Any CPU.Build.0 = Release|Any CPU
		{BF107FCB-1DCF-4BC3-AE73-D2B3FF7954FF}.Debug|Any CPU.ActiveCfg = Debug|Any CPU
		{BF107FCB-1DCF-4BC3-AE73-D2B3FF7954FF}.Debug|Any CPU.Build.0 = Debug|Any CPU
		{BF107FCB-1DCF-4BC3-AE73-D2B3FF7954FF}.Release|Any CPU.ActiveCfg = Release|Any CPU
		{BF107FCB-1DCF-4BC3-AE73-D2B3FF7954FF}.Release|Any CPU.Build.0 = Release|Any CPU
		{B9699C09-54D6-45AB-94D8-5DE2179AAAD9}.Debug|Any CPU.ActiveCfg = Debug|Any CPU
		{B9699C09-54D6-45AB-94D8-5DE2179AAAD9}.Debug|Any CPU.Build.0 = Debug|Any CPU
		{B9699C09-54D6-45AB-94D8-5DE2179AAAD9}.Release|Any CPU.ActiveCfg = Release|Any CPU
		{B9699C09-54D6-45AB-94D8-5DE2179AAAD9}.Release|Any CPU.Build.0 = Release|Any CPU
		{802167A6-74E5-45AE-B4D4-91FE7E79355F}.Debug|Any CPU.ActiveCfg = Debug|Any CPU
		{802167A6-74E5-45AE-B4D4-91FE7E79355F}.Debug|Any CPU.Build.0 = Debug|Any CPU
		{802167A6-74E5-45AE-B4D4-91FE7E79355F}.Release|Any CPU.ActiveCfg = Release|Any CPU
		{802167A6-74E5-45AE-B4D4-91FE7E79355F}.Release|Any CPU.Build.0 = Release|Any CPU
		{4F0E30A6-9242-4748-8870-4F6A543451D0}.Debug|Any CPU.ActiveCfg = Debug|Any CPU
		{4F0E30A6-9242-4748-8870-4F6A543451D0}.Debug|Any CPU.Build.0 = Debug|Any CPU
		{4F0E30A6-9242-4748-8870-4F6A543451D0}.Release|Any CPU.ActiveCfg = Release|Any CPU
		{4F0E30A6-9242-4748-8870-4F6A543451D0}.Release|Any CPU.Build.0 = Release|Any CPU
	EndGlobalSection
	GlobalSection(SolutionProperties) = preSolution
		HideSolutionNode = FALSE
	EndGlobalSection
	GlobalSection(ExtensibilityGlobals) = postSolution
		SolutionGuid = {969263CA-870A-42A3-B509-8D5D93728054}
	EndGlobalSection
EndGlobal
