
Microsoft Visual Studio Solution File, Format Version 12.00
# Visual Studio Version 17
VisualStudioVersion = 17.2.32630.192
MinimumVisualStudioVersion = 10.0.40219.1
Project("{9A19103F-16F7-4668-BE54-9A1E7A4F7556}") = "R5T.Z0053", "R5T.Z0053\R5T.Z0053.csproj", "{8F57E12D-D058-4EA8-875E-D129FB0CC090}"
EndProject
Global
	GlobalSection(SolutionConfigurationPlatforms) = preSolution
		Debug|Any CPU = Debug|Any CPU
		Release|Any CPU = Release|Any CPU
	EndGlobalSection
	GlobalSection(ProjectConfigurationPlatforms) = postSolution
		{8F57E12D-D058-4EA8-875E-D129FB0CC090}.Debug|Any CPU.ActiveCfg = Debug|Any CPU
		{8F57E12D-D058-4EA8-875E-D129FB0CC090}.Debug|Any CPU.Build.0 = Debug|Any CPU
		{8F57E12D-D058-4EA8-875E-D129FB0CC090}.Release|Any CPU.ActiveCfg = Release|Any CPU
		{8F57E12D-D058-4EA8-875E-D129FB0CC090}.Release|Any CPU.Build.0 = Release|Any CPU
	EndGlobalSection
	GlobalSection(SolutionProperties) = preSolution
		HideSolutionNode = FALSE
	EndGlobalSection
	GlobalSection(ExtensibilityGlobals) = postSolution
		SolutionGuid = {969263CA-870A-42A3-B509-8D5D93728054}
	EndGlobalSection
EndGlobal
